
Microsoft Visual Studio Solution File, Format Version 12.00
# Visual Studio Version 17
VisualStudioVersion = 17.14.36109.1 d17.14
MinimumVisualStudioVersion = 10.0.40219.1
Project("{8BC9CEB8-8B4A-11D0-8D11-00A0C91BC942}") = "ChatApp", "ChatApp\ChatApp.vcxproj", "{48F53033-D249-4763-947A-C3904D26A0D4}"
EndProject
Global
	GlobalSection(SolutionConfigurationPlatforms) = preSolution
		Debug|x64 = Debug|x64
		Debug|x86 = Debug|x86
		Release|x64 = Release|x64
		Release|x86 = Release|x86
	EndGlobalSection
	GlobalSection(ProjectConfigurationPlatforms) = postSolution
		{48F53033-D249-4763-947A-C3904D26A0D4}.Debug|x64.ActiveCfg = Debug|x64
		{48F53033-D249-4763-947A-C3904D26A0D4}.Debug|x64.Build.0 = Debug|x64
		{48F53033-D249-4763-947A-C3904D26A0D4}.Debug|x86.ActiveCfg = Debug|Win32
		{48F53033-D249-4763-947A-C3904D26A0D4}.Debug|x86.Build.0 = Debug|Win32
		{48F53033-D249-4763-947A-C3904D26A0D4}.Release|x64.ActiveCfg = Release|x64
		{48F53033-D249-4763-947A-C3904D26A0D4}.Release|x64.Build.0 = Release|x64
		{48F53033-D249-4763-947A-C3904D26A0D4}.Release|x86.ActiveCfg = Release|Win32
		{48F53033-D249-4763-947A-C3904D26A0D4}.Release|x86.Build.0 = Release|Win32
	EndGlobalSection
	GlobalSection(SolutionProperties) = preSolution
		HideSolutionNode = FALSE
	EndGlobalSection
	GlobalSection(ExtensibilityGlobals) = postSolution
		SolutionGuid = {3C85E243-D67D-465C-BAFF-66AF8148D05B}
	EndGlobalSection
EndGlobal
